// !$*UTF8*$!
{
	archiveVersion = 1;
	classes = {
	};
	objectVersion = 56;
	objects = {

/* Begin PBXBuildFile section */
		0438E5BF2A6A785E00C0F619 /* TwoThousandFortyEightApp.swift in Sources */ = {isa = PBXBuildFile; fileRef = 0438E5BE2A6A785E00C0F619 /* TwoThousandFortyEightApp.swift */; };
		0438E5C12A6A785E00C0F619 /* ContentView.swift in Sources */ = {isa = PBXBuildFile; fileRef = 0438E5C02A6A785E00C0F619 /* ContentView.swift */; };
		0438E5C32A6A786000C0F619 /* Assets.xcassets in Resources */ = {isa = PBXBuildFile; fileRef = 0438E5C22A6A786000C0F619 /* Assets.xcassets */; };
		0438E5C62A6A786000C0F619 /* Preview Assets.xcassets in Resources */ = {isa = PBXBuildFile; fileRef = 0438E5C52A6A786000C0F619 /* Preview Assets.xcassets */; };
		0438E5D12A6A786000C0F619 /* TwoThousandFortyEightTests.swift in Sources */ = {isa = PBXBuildFile; fileRef = 0438E5D02A6A786000C0F619 /* TwoThousandFortyEightTests.swift */; };
		0438E5DB2A6A786000C0F619 /* TwoThousandFortyEightUITests.swift in Sources */ = {isa = PBXBuildFile; fileRef = 0438E5DA2A6A786000C0F619 /* TwoThousandFortyEightUITests.swift */; };
		0438E5DD2A6A786000C0F619 /* TwoThousandFortyEightUITestsLaunchTests.swift in Sources */ = {isa = PBXBuildFile; fileRef = 0438E5DC2A6A786000C0F619 /* TwoThousandFortyEightUITestsLaunchTests.swift */; };
		0438E5EA2A6A79CE00C0F619 /* BackgroundGrid.swift in Sources */ = {isa = PBXBuildFile; fileRef = 0438E5E92A6A79CE00C0F619 /* BackgroundGrid.swift */; };
		0438E5EC2A6A80E000C0F619 /* SingleCard.swift in Sources */ = {isa = PBXBuildFile; fileRef = 0438E5EB2A6A80E000C0F619 /* SingleCard.swift */; };
/* End PBXBuildFile section */

/* Begin PBXContainerItemProxy section */
		0438E5CD2A6A786000C0F619 /* PBXContainerItemProxy */ = {
			isa = PBXContainerItemProxy;
			containerPortal = 0438E5B32A6A785E00C0F619 /* Project object */;
			proxyType = 1;
			remoteGlobalIDString = 0438E5BA2A6A785E00C0F619;
			remoteInfo = TwoThousandFortyEight;
		};
		0438E5D72A6A786000C0F619 /* PBXContainerItemProxy */ = {
			isa = PBXContainerItemProxy;
			containerPortal = 0438E5B32A6A785E00C0F619 /* Project object */;
			proxyType = 1;
			remoteGlobalIDString = 0438E5BA2A6A785E00C0F619;
			remoteInfo = TwoThousandFortyEight;
		};
/* End PBXContainerItemProxy section */

/* Begin PBXFileReference section */
		0438E5BB2A6A785E00C0F619 /* TwoThousandFortyEight.app */ = {isa = PBXFileReference; explicitFileType = wrapper.application; includeInIndex = 0; path = TwoThousandFortyEight.app; sourceTree = BUILT_PRODUCTS_DIR; };
		0438E5BE2A6A785E00C0F619 /* TwoThousandFortyEightApp.swift */ = {isa = PBXFileReference; lastKnownFileType = sourcecode.swift; path = TwoThousandFortyEightApp.swift; sourceTree = "<group>"; };
		0438E5C02A6A785E00C0F619 /* ContentView.swift */ = {isa = PBXFileReference; lastKnownFileType = sourcecode.swift; path = ContentView.swift; sourceTree = "<group>"; };
		0438E5C22A6A786000C0F619 /* Assets.xcassets */ = {isa = PBXFileReference; lastKnownFileType = folder.assetcatalog; path = Assets.xcassets; sourceTree = "<group>"; };
		0438E5C52A6A786000C0F619 /* Preview Assets.xcassets */ = {isa = PBXFileReference; lastKnownFileType = folder.assetcatalog; path = "Preview Assets.xcassets"; sourceTree = "<group>"; };
		0438E5C72A6A786000C0F619 /* TwoThousandFortyEight.entitlements */ = {isa = PBXFileReference; lastKnownFileType = text.plist.entitlements; path = TwoThousandFortyEight.entitlements; sourceTree = "<group>"; };
		0438E5CC2A6A786000C0F619 /* TwoThousandFortyEightTests.xctest */ = {isa = PBXFileReference; explicitFileType = wrapper.cfbundle; includeInIndex = 0; path = TwoThousandFortyEightTests.xctest; sourceTree = BUILT_PRODUCTS_DIR; };
		0438E5D02A6A786000C0F619 /* TwoThousandFortyEightTests.swift */ = {isa = PBXFileReference; lastKnownFileType = sourcecode.swift; path = TwoThousandFortyEightTests.swift; sourceTree = "<group>"; };
		0438E5D62A6A786000C0F619 /* TwoThousandFortyEightUITests.xctest */ = {isa = PBXFileReference; explicitFileType = wrapper.cfbundle; includeInIndex = 0; path = TwoThousandFortyEightUITests.xctest; sourceTree = BUILT_PRODUCTS_DIR; };
		0438E5DA2A6A786000C0F619 /* TwoThousandFortyEightUITests.swift */ = {isa = PBXFileReference; lastKnownFileType = sourcecode.swift; path = TwoThousandFortyEightUITests.swift; sourceTree = "<group>"; };
		0438E5DC2A6A786000C0F619 /* TwoThousandFortyEightUITestsLaunchTests.swift */ = {isa = PBXFileReference; lastKnownFileType = sourcecode.swift; path = TwoThousandFortyEightUITestsLaunchTests.swift; sourceTree = "<group>"; };
		0438E5E92A6A79CE00C0F619 /* BackgroundGrid.swift */ = {isa = PBXFileReference; lastKnownFileType = sourcecode.swift; path = BackgroundGrid.swift; sourceTree = "<group>"; };
		0438E5EB2A6A80E000C0F619 /* SingleCard.swift */ = {isa = PBXFileReference; lastKnownFileType = sourcecode.swift; path = SingleCard.swift; sourceTree = "<group>"; };
/* End PBXFileReference section */

/* Begin PBXFrameworksBuildPhase section */
		0438E5B82A6A785E00C0F619 /* Frameworks */ = {
			isa = PBXFrameworksBuildPhase;
			buildActionMask = 2147483647;
			files = (
			);
			runOnlyForDeploymentPostprocessing = 0;
		};
		0438E5C92A6A786000C0F619 /* Frameworks */ = {
			isa = PBXFrameworksBuildPhase;
			buildActionMask = 2147483647;
			files = (
			);
			runOnlyForDeploymentPostprocessing = 0;
		};
		0438E5D32A6A786000C0F619 /* Frameworks */ = {
			isa = PBXFrameworksBuildPhase;
			buildActionMask = 2147483647;
			files = (
			);
			runOnlyForDeploymentPostprocessing = 0;
		};
/* End PBXFrameworksBuildPhase section */

/* Begin PBXGroup section */
		0438E5B22A6A785E00C0F619 = {
			isa = PBXGroup;
			children = (
				0438E5BD2A6A785E00C0F619 /* TwoThousandFortyEight */,
				0438E5CF2A6A786000C0F619 /* TwoThousandFortyEightTests */,
				0438E5D92A6A786000C0F619 /* TwoThousandFortyEightUITests */,
				0438E5BC2A6A785E00C0F619 /* Products */,
			);
			sourceTree = "<group>";
		};
		0438E5BC2A6A785E00C0F619 /* Products */ = {
			isa = PBXGroup;
			children = (
				0438E5BB2A6A785E00C0F619 /* TwoThousandFortyEight.app */,
				0438E5CC2A6A786000C0F619 /* TwoThousandFortyEightTests.xctest */,
				0438E5D62A6A786000C0F619 /* TwoThousandFortyEightUITests.xctest */,
			);
			name = Products;
			sourceTree = "<group>";
		};
		0438E5BD2A6A785E00C0F619 /* TwoThousandFortyEight */ = {
			isa = PBXGroup;
			children = (
				0438E5BE2A6A785E00C0F619 /* TwoThousandFortyEightApp.swift */,
				0438E5C02A6A785E00C0F619 /* ContentView.swift */,
				0438E5C22A6A786000C0F619 /* Assets.xcassets */,
				0438E5C72A6A786000C0F619 /* TwoThousandFortyEight.entitlements */,
				0438E5C42A6A786000C0F619 /* Preview Content */,
				0438E5E92A6A79CE00C0F619 /* BackgroundGrid.swift */,
				0438E5EB2A6A80E000C0F619 /* SingleCard.swift */,
			);
			path = TwoThousandFortyEight;
			sourceTree = "<group>";
		};
		0438E5C42A6A786000C0F619 /* Preview Content */ = {
			isa = PBXGroup;
			children = (
				0438E5C52A6A786000C0F619 /* Preview Assets.xcassets */,
			);
			path = "Preview Content";
			sourceTree = "<group>";
		};
		0438E5CF2A6A786000C0F619 /* TwoThousandFortyEightTests */ = {
			isa = PBXGroup;
			children = (
				0438E5D02A6A786000C0F619 /* TwoThousandFortyEightTests.swift */,
			);
			path = TwoThousandFortyEightTests;
			sourceTree = "<group>";
		};
		0438E5D92A6A786000C0F619 /* TwoThousandFortyEightUITests */ = {
			isa = PBXGroup;
			children = (
				0438E5DA2A6A786000C0F619 /* TwoThousandFortyEightUITests.swift */,
				0438E5DC2A6A786000C0F619 /* TwoThousandFortyEightUITestsLaunchTests.swift */,
			);
			path = TwoThousandFortyEightUITests;
			sourceTree = "<group>";
		};
/* End PBXGroup section */

/* Begin PBXNativeTarget section */
		0438E5BA2A6A785E00C0F619 /* TwoThousandFortyEight */ = {
			isa = PBXNativeTarget;
			buildConfigurationList = 0438E5E02A6A786000C0F619 /* Build configuration list for PBXNativeTarget "TwoThousandFortyEight" */;
			buildPhases = (
				0438E5B72A6A785E00C0F619 /* Sources */,
				0438E5B82A6A785E00C0F619 /* Frameworks */,
				0438E5B92A6A785E00C0F619 /* Resources */,
			);
			buildRules = (
			);
			dependencies = (
			);
			name = TwoThousandFortyEight;
			productName = TwoThousandFortyEight;
			productReference = 0438E5BB2A6A785E00C0F619 /* TwoThousandFortyEight.app */;
			productType = "com.apple.product-type.application";
		};
		0438E5CB2A6A786000C0F619 /* TwoThousandFortyEightTests */ = {
			isa = PBXNativeTarget;
			buildConfigurationList = 0438E5E32A6A786000C0F619 /* Build configuration list for PBXNativeTarget "TwoThousandFortyEightTests" */;
			buildPhases = (
				0438E5C82A6A786000C0F619 /* Sources */,
				0438E5C92A6A786000C0F619 /* Frameworks */,
				0438E5CA2A6A786000C0F619 /* Resources */,
			);
			buildRules = (
			);
			dependencies = (
				0438E5CE2A6A786000C0F619 /* PBXTargetDependency */,
			);
			name = TwoThousandFortyEightTests;
			productName = TwoThousandFortyEightTests;
			productReference = 0438E5CC2A6A786000C0F619 /* TwoThousandFortyEightTests.xctest */;
			productType = "com.apple.product-type.bundle.unit-test";
		};
		0438E5D52A6A786000C0F619 /* TwoThousandFortyEightUITests */ = {
			isa = PBXNativeTarget;
			buildConfigurationList = 0438E5E62A6A786000C0F619 /* Build configuration list for PBXNativeTarget "TwoThousandFortyEightUITests" */;
			buildPhases = (
				0438E5D22A6A786000C0F619 /* Sources */,
				0438E5D32A6A786000C0F619 /* Frameworks */,
				0438E5D42A6A786000C0F619 /* Resources */,
			);
			buildRules = (
			);
			dependencies = (
				0438E5D82A6A786000C0F619 /* PBXTargetDependency */,
			);
			name = TwoThousandFortyEightUITests;
			productName = TwoThousandFortyEightUITests;
			productReference = 0438E5D62A6A786000C0F619 /* TwoThousandFortyEightUITests.xctest */;
			productType = "com.apple.product-type.bundle.ui-testing";
		};
/* End PBXNativeTarget section */

/* Begin PBXProject section */
		0438E5B32A6A785E00C0F619 /* Project object */ = {
			isa = PBXProject;
			attributes = {
				BuildIndependentTargetsInParallel = 1;
				LastSwiftUpdateCheck = 1430;
				LastUpgradeCheck = 1430;
				TargetAttributes = {
					0438E5BA2A6A785E00C0F619 = {
						CreatedOnToolsVersion = 14.3.1;
					};
					0438E5CB2A6A786000C0F619 = {
						CreatedOnToolsVersion = 14.3.1;
						TestTargetID = 0438E5BA2A6A785E00C0F619;
					};
					0438E5D52A6A786000C0F619 = {
						CreatedOnToolsVersion = 14.3.1;
						TestTargetID = 0438E5BA2A6A785E00C0F619;
					};
				};
			};
			buildConfigurationList = 0438E5B62A6A785E00C0F619 /* Build configuration list for PBXProject "TwoThousandFortyEight" */;
			compatibilityVersion = "Xcode 14.0";
			developmentRegion = en;
			hasScannedForEncodings = 0;
			knownRegions = (
				en,
				Base,
			);
			mainGroup = 0438E5B22A6A785E00C0F619;
			productRefGroup = 0438E5BC2A6A785E00C0F619 /* Products */;
			projectDirPath = "";
			projectRoot = "";
			targets = (
				0438E5BA2A6A785E00C0F619 /* TwoThousandFortyEight */,
				0438E5CB2A6A786000C0F619 /* TwoThousandFortyEightTests */,
				0438E5D52A6A786000C0F619 /* TwoThousandFortyEightUITests */,
			);
		};
/* End PBXProject section */

/* Begin PBXResourcesBuildPhase section */
		0438E5B92A6A785E00C0F619 /* Resources */ = {
			isa = PBXResourcesBuildPhase;
			buildActionMask = 2147483647;
			files = (
				0438E5C62A6A786000C0F619 /* Preview Assets.xcassets in Resources */,
				0438E5C32A6A786000C0F619 /* Assets.xcassets in Resources */,
			);
			runOnlyForDeploymentPostprocessing = 0;
		};
		0438E5CA2A6A786000C0F619 /* Resources */ = {
			isa = PBXResourcesBuildPhase;
			buildActionMask = 2147483647;
			files = (
			);
			runOnlyForDeploymentPostprocessing = 0;
		};
		0438E5D42A6A786000C0F619 /* Resources */ = {
			isa = PBXResourcesBuildPhase;
			buildActionMask = 2147483647;
			files = (
			);
			runOnlyForDeploymentPostprocessing = 0;
		};
/* End PBXResourcesBuildPhase section */

/* Begin PBXSourcesBuildPhase section */
		0438E5B72A6A785E00C0F619 /* Sources */ = {
			isa = PBXSourcesBuildPhase;
			buildActionMask = 2147483647;
			files = (
				0438E5C12A6A785E00C0F619 /* ContentView.swift in Sources */,
				0438E5EA2A6A79CE00C0F619 /* BackgroundGrid.swift in Sources */,
				0438E5EC2A6A80E000C0F619 /* SingleCard.swift in Sources */,
				0438E5BF2A6A785E00C0F619 /* TwoThousandFortyEightApp.swift in Sources */,
			);
			runOnlyForDeploymentPostprocessing = 0;
		};
		0438E5C82A6A786000C0F619 /* Sources */ = {
			isa = PBXSourcesBuildPhase;
			buildActionMask = 2147483647;
			files = (
				0438E5D12A6A786000C0F619 /* TwoThousandFortyEightTests.swift in Sources */,
			);
			runOnlyForDeploymentPostprocessing = 0;
		};
		0438E5D22A6A786000C0F619 /* Sources */ = {
			isa = PBXSourcesBuildPhase;
			buildActionMask = 2147483647;
			files = (
				0438E5DD2A6A786000C0F619 /* TwoThousandFortyEightUITestsLaunchTests.swift in Sources */,
				0438E5DB2A6A786000C0F619 /* TwoThousandFortyEightUITests.swift in Sources */,
			);
			runOnlyForDeploymentPostprocessing = 0;
		};
/* End PBXSourcesBuildPhase section */

/* Begin PBXTargetDependency section */
		0438E5CE2A6A786000C0F619 /* PBXTargetDependency */ = {
			isa = PBXTargetDependency;
			target = 0438E5BA2A6A785E00C0F619 /* TwoThousandFortyEight */;
			targetProxy = 0438E5CD2A6A786000C0F619 /* PBXContainerItemProxy */;
		};
		0438E5D82A6A786000C0F619 /* PBXTargetDependency */ = {
			isa = PBXTargetDependency;
			target = 0438E5BA2A6A785E00C0F619 /* TwoThousandFortyEight */;
			targetProxy = 0438E5D72A6A786000C0F619 /* PBXContainerItemProxy */;
		};
/* End PBXTargetDependency section */

/* Begin XCBuildConfiguration section */
		0438E5DE2A6A786000C0F619 /* Debug */ = {
			isa = XCBuildConfiguration;
			buildSettings = {
				ALWAYS_SEARCH_USER_PATHS = NO;
				CLANG_ANALYZER_NONNULL = YES;
				CLANG_ANALYZER_NUMBER_OBJECT_CONVERSION = YES_AGGRESSIVE;
				CLANG_CXX_LANGUAGE_STANDARD = "gnu++20";
				CLANG_ENABLE_MODULES = YES;
				CLANG_ENABLE_OBJC_ARC = YES;
				CLANG_ENABLE_OBJC_WEAK = YES;
				CLANG_WARN_BLOCK_CAPTURE_AUTORELEASING = YES;
				CLANG_WARN_BOOL_CONVERSION = YES;
				CLANG_WARN_COMMA = YES;
				CLANG_WARN_CONSTANT_CONVERSION = YES;
				CLANG_WARN_DEPRECATED_OBJC_IMPLEMENTATIONS = YES;
				CLANG_WARN_DIRECT_OBJC_ISA_USAGE = YES_ERROR;
				CLANG_WARN_DOCUMENTATION_COMMENTS = YES;
				CLANG_WARN_EMPTY_BODY = YES;
				CLANG_WARN_ENUM_CONVERSION = YES;
				CLANG_WARN_INFINITE_RECURSION = YES;
				CLANG_WARN_INT_CONVERSION = YES;
				CLANG_WARN_NON_LITERAL_NULL_CONVERSION = YES;
				CLANG_WARN_OBJC_IMPLICIT_RETAIN_SELF = YES;
				CLANG_WARN_OBJC_LITERAL_CONVERSION = YES;
				CLANG_WARN_OBJC_ROOT_CLASS = YES_ERROR;
				CLANG_WARN_QUOTED_INCLUDE_IN_FRAMEWORK_HEADER = YES;
				CLANG_WARN_RANGE_LOOP_ANALYSIS = YES;
				CLANG_WARN_STRICT_PROTOTYPES = YES;
				CLANG_WARN_SUSPICIOUS_MOVE = YES;
				CLANG_WARN_UNGUARDED_AVAILABILITY = YES_AGGRESSIVE;
				CLANG_WARN_UNREACHABLE_CODE = YES;
				CLANG_WARN__DUPLICATE_METHOD_MATCH = YES;
				COPY_PHASE_STRIP = NO;
				DEBUG_INFORMATION_FORMAT = dwarf;
				ENABLE_STRICT_OBJC_MSGSEND = YES;
				ENABLE_TESTABILITY = YES;
				GCC_C_LANGUAGE_STANDARD = gnu11;
				GCC_DYNAMIC_NO_PIC = NO;
				GCC_NO_COMMON_BLOCKS = YES;
				GCC_OPTIMIZATION_LEVEL = 0;
				GCC_PREPROCESSOR_DEFINITIONS = (
					"DEBUG=1",
					"$(inherited)",
				);
				GCC_WARN_64_TO_32_BIT_CONVERSION = YES;
				GCC_WARN_ABOUT_RETURN_TYPE = YES_ERROR;
				GCC_WARN_UNDECLARED_SELECTOR = YES;
				GCC_WARN_UNINITIALIZED_AUTOS = YES_AGGRESSIVE;
				GCC_WARN_UNUSED_FUNCTION = YES;
				GCC_WARN_UNUSED_VARIABLE = YES;
				MACOSX_DEPLOYMENT_TARGET = 13.3;
				MTL_ENABLE_DEBUG_INFO = INCLUDE_SOURCE;
				MTL_FAST_MATH = YES;
				ONLY_ACTIVE_ARCH = YES;
				SDKROOT = iphoneos;
				SWIFT_ACTIVE_COMPILATION_CONDITIONS = DEBUG;
				SWIFT_OPTIMIZATION_LEVEL = "-Onone";
			};
			name = Debug;
		};
		0438E5DF2A6A786000C0F619 /* Release */ = {
			isa = XCBuildConfiguration;
			buildSettings = {
				ALWAYS_SEARCH_USER_PATHS = NO;
				CLANG_ANALYZER_NONNULL = YES;
				CLANG_ANALYZER_NUMBER_OBJECT_CONVERSION = YES_AGGRESSIVE;
				CLANG_CXX_LANGUAGE_STANDARD = "gnu++20";
				CLANG_ENABLE_MODULES = YES;
				CLANG_ENABLE_OBJC_ARC = YES;
				CLANG_ENABLE_OBJC_WEAK = YES;
				CLANG_WARN_BLOCK_CAPTURE_AUTORELEASING = YES;
				CLANG_WARN_BOOL_CONVERSION = YES;
				CLANG_WARN_COMMA = YES;
				CLANG_WARN_CONSTANT_CONVERSION = YES;
				CLANG_WARN_DEPRECATED_OBJC_IMPLEMENTATIONS = YES;
				CLANG_WARN_DIRECT_OBJC_ISA_USAGE = YES_ERROR;
				CLANG_WARN_DOCUMENTATION_COMMENTS = YES;
				CLANG_WARN_EMPTY_BODY = YES;
				CLANG_WARN_ENUM_CONVERSION = YES;
				CLANG_WARN_INFINITE_RECURSION = YES;
				CLANG_WARN_INT_CONVERSION = YES;
				CLANG_WARN_NON_LITERAL_NULL_CONVERSION = YES;
				CLANG_WARN_OBJC_IMPLICIT_RETAIN_SELF = YES;
				CLANG_WARN_OBJC_LITERAL_CONVERSION = YES;
				CLANG_WARN_OBJC_ROOT_CLASS = YES_ERROR;
				CLANG_WARN_QUOTED_INCLUDE_IN_FRAMEWORK_HEADER = YES;
				CLANG_WARN_RANGE_LOOP_ANALYSIS = YES;
				CLANG_WARN_STRICT_PROTOTYPES = YES;
				CLANG_WARN_SUSPICIOUS_MOVE = YES;
				CLANG_WARN_UNGUARDED_AVAILABILITY = YES_AGGRESSIVE;
				CLANG_WARN_UNREACHABLE_CODE = YES;
				CLANG_WARN__DUPLICATE_METHOD_MATCH = YES;
				COPY_PHASE_STRIP = NO;
				DEBUG_INFORMATION_FORMAT = "dwarf-with-dsym";
				ENABLE_NS_ASSERTIONS = NO;
				ENABLE_STRICT_OBJC_MSGSEND = YES;
				GCC_C_LANGUAGE_STANDARD = gnu11;
				GCC_NO_COMMON_BLOCKS = YES;
				GCC_WARN_64_TO_32_BIT_CONVERSION = YES;
				GCC_WARN_ABOUT_RETURN_TYPE = YES_ERROR;
				GCC_WARN_UNDECLARED_SELECTOR = YES;
				GCC_WARN_UNINITIALIZED_AUTOS = YES_AGGRESSIVE;
				GCC_WARN_UNUSED_FUNCTION = YES;
				GCC_WARN_UNUSED_VARIABLE = YES;
				MACOSX_DEPLOYMENT_TARGET = 13.3;
				MTL_ENABLE_DEBUG_INFO = NO;
				MTL_FAST_MATH = YES;
				SDKROOT = iphoneos;
				SWIFT_COMPILATION_MODE = wholemodule;
				SWIFT_OPTIMIZATION_LEVEL = "-O";
			};
			name = Release;
		};
		0438E5E12A6A786000C0F619 /* Debug */ = {
			isa = XCBuildConfiguration;
			buildSettings = {
				ASSETCATALOG_COMPILER_APPICON_NAME = AppIcon;
				ASSETCATALOG_COMPILER_GLOBAL_ACCENT_COLOR_NAME = AccentColor;
				CODE_SIGN_ENTITLEMENTS = TwoThousandFortyEight/TwoThousandFortyEight.entitlements;
				CODE_SIGN_STYLE = Automatic;
				COMBINE_HIDPI_IMAGES = YES;
				CURRENT_PROJECT_VERSION = 1;
				DEVELOPMENT_ASSET_PATHS = "\"TwoThousandFortyEight/Preview Content\"";
				DEVELOPMENT_TEAM = N94CKM49FT;
				ENABLE_HARDENED_RUNTIME = YES;
				ENABLE_PREVIEWS = YES;
				GENERATE_INFOPLIST_FILE = YES;
				INFOPLIST_KEY_NSHumanReadableCopyright = "";
				LD_RUNPATH_SEARCH_PATHS = (
					"$(inherited)",
					"@executable_path/../Frameworks",
				);
				MARKETING_VERSION = 1.0;
				PRODUCT_BUNDLE_IDENTIFIER = com.syk.game.TwoThousandFortyEight;
				PRODUCT_NAME = "$(TARGET_NAME)";
				SWIFT_EMIT_LOC_STRINGS = YES;
				SWIFT_VERSION = 5.0;
			};
			name = Debug;
		};
		0438E5E22A6A786000C0F619 /* Release */ = {
			isa = XCBuildConfiguration;
			buildSettings = {
				ASSETCATALOG_COMPILER_APPICON_NAME = AppIcon;
				ASSETCATALOG_COMPILER_GLOBAL_ACCENT_COLOR_NAME = AccentColor;
				CODE_SIGN_ENTITLEMENTS = TwoThousandFortyEight/TwoThousandFortyEight.entitlements;
				CODE_SIGN_STYLE = Automatic;
				COMBINE_HIDPI_IMAGES = YES;
				CURRENT_PROJECT_VERSION = 1;
				DEVELOPMENT_ASSET_PATHS = "\"TwoThousandFortyEight/Preview Content\"";
				DEVELOPMENT_TEAM = N94CKM49FT;
				ENABLE_HARDENED_RUNTIME = YES;
				ENABLE_PREVIEWS = YES;
				GENERATE_INFOPLIST_FILE = YES;
				INFOPLIST_KEY_NSHumanReadableCopyright = "";
				LD_RUNPATH_SEARCH_PATHS = (
					"$(inherited)",
					"@executable_path/../Frameworks",
				);
				MARKETING_VERSION = 1.0;
				PRODUCT_BUNDLE_IDENTIFIER = com.syk.game.TwoThousandFortyEight;
				PRODUCT_NAME = "$(TARGET_NAME)";
				SWIFT_EMIT_LOC_STRINGS = YES;
				SWIFT_VERSION = 5.0;
			};
			name = Release;
		};
		0438E5E42A6A786000C0F619 /* Debug */ = {
			isa = XCBuildConfiguration;
			buildSettings = {
				ALWAYS_EMBED_SWIFT_STANDARD_LIBRARIES = YES;
				BUNDLE_LOADER = "$(TEST_HOST)";
				CODE_SIGN_STYLE = Automatic;
				CURRENT_PROJECT_VERSION = 1;
				DEVELOPMENT_TEAM = N94CKM49FT;
				GENERATE_INFOPLIST_FILE = YES;
				MACOSX_DEPLOYMENT_TARGET = 13.3;
				MARKETING_VERSION = 1.0;
				PRODUCT_BUNDLE_IDENTIFIER = com.syk.game.TwoThousandFortyEightTests;
				PRODUCT_NAME = "$(TARGET_NAME)";
				SWIFT_EMIT_LOC_STRINGS = NO;
				SWIFT_VERSION = 5.0;
				TEST_HOST = "$(BUILT_PRODUCTS_DIR)/TwoThousandFortyEight.app/$(BUNDLE_EXECUTABLE_FOLDER_PATH)/TwoThousandFortyEight";
			};
			name = Debug;
		};
		0438E5E52A6A786000C0F619 /* Release */ = {
			isa = XCBuildConfiguration;
			buildSettings = {
				ALWAYS_EMBED_SWIFT_STANDARD_LIBRARIES = YES;
				BUNDLE_LOADER = "$(TEST_HOST)";
				CODE_SIGN_STYLE = Automatic;
				CURRENT_PROJECT_VERSION = 1;
				DEVELOPMENT_TEAM = N94CKM49FT;
				GENERATE_INFOPLIST_FILE = YES;
				MACOSX_DEPLOYMENT_TARGET = 13.3;
				MARKETING_VERSION = 1.0;
				PRODUCT_BUNDLE_IDENTIFIER = com.syk.game.TwoThousandFortyEightTests;
				PRODUCT_NAME = "$(TARGET_NAME)";
				SWIFT_EMIT_LOC_STRINGS = NO;
				SWIFT_VERSION = 5.0;
				TEST_HOST = "$(BUILT_PRODUCTS_DIR)/TwoThousandFortyEight.app/$(BUNDLE_EXECUTABLE_FOLDER_PATH)/TwoThousandFortyEight";
			};
			name = Release;
		};
		0438E5E72A6A786000C0F619 /* Debug */ = {
			isa = XCBuildConfiguration;
			buildSettings = {
				ALWAYS_EMBED_SWIFT_STANDARD_LIBRARIES = YES;
				CODE_SIGN_STYLE = Automatic;
				CURRENT_PROJECT_VERSION = 1;
				DEVELOPMENT_TEAM = N94CKM49FT;
				GENERATE_INFOPLIST_FILE = YES;
				MARKETING_VERSION = 1.0;
				PRODUCT_BUNDLE_IDENTIFIER = com.syk.game.TwoThousandFortyEightUITests;
				PRODUCT_NAME = "$(TARGET_NAME)";
				SWIFT_EMIT_LOC_STRINGS = NO;
				SWIFT_VERSION = 5.0;
				TEST_TARGET_NAME = TwoThousandFortyEight;
			};
			name = Debug;
		};
		0438E5E82A6A786000C0F619 /* Release */ = {
			isa = XCBuildConfiguration;
			buildSettings = {
				ALWAYS_EMBED_SWIFT_STANDARD_LIBRARIES = YES;
				CODE_SIGN_STYLE = Automatic;
				CURRENT_PROJECT_VERSION = 1;
				DEVELOPMENT_TEAM = N94CKM49FT;
				GENERATE_INFOPLIST_FILE = YES;
				MARKETING_VERSION = 1.0;
				PRODUCT_BUNDLE_IDENTIFIER = com.syk.game.TwoThousandFortyEightUITests;
				PRODUCT_NAME = "$(TARGET_NAME)";
				SWIFT_EMIT_LOC_STRINGS = NO;
				SWIFT_VERSION = 5.0;
				TEST_TARGET_NAME = TwoThousandFortyEight;
			};
			name = Release;
		};
/* End XCBuildConfiguration section */

/* Begin XCConfigurationList section */
		0438E5B62A6A785E00C0F619 /* Build configuration list for PBXProject "TwoThousandFortyEight" */ = {
			isa = XCConfigurationList;
			buildConfigurations = (
				0438E5DE2A6A786000C0F619 /* Debug */,
				0438E5DF2A6A786000C0F619 /* Release */,
			);
			defaultConfigurationIsVisible = 0;
			defaultConfigurationName = Release;
		};
		0438E5E02A6A786000C0F619 /* Build configuration list for PBXNativeTarget "TwoThousandFortyEight" */ = {
			isa = XCConfigurationList;
			buildConfigurations = (
				0438E5E12A6A786000C0F619 /* Debug */,
				0438E5E22A6A786000C0F619 /* Release */,
			);
			defaultConfigurationIsVisible = 0;
			defaultConfigurationName = Release;
		};
		0438E5E32A6A786000C0F619 /* Build configuration list for PBXNativeTarget "TwoThousandFortyEightTests" */ = {
			isa = XCConfigurationList;
			buildConfigurations = (
				0438E5E42A6A786000C0F619 /* Debug */,
				0438E5E52A6A786000C0F619 /* Release */,
			);
			defaultConfigurationIsVisible = 0;
			defaultConfigurationName = Release;
		};
		0438E5E62A6A786000C0F619 /* Build configuration list for PBXNativeTarget "TwoThousandFortyEightUITests" */ = {
			isa = XCConfigurationList;
			buildConfigurations = (
				0438E5E72A6A786000C0F619 /* Debug */,
				0438E5E82A6A786000C0F619 /* Release */,
			);
			defaultConfigurationIsVisible = 0;
			defaultConfigurationName = Release;
		};
/* End XCConfigurationList section */
	};
	rootObject = 0438E5B32A6A785E00C0F619 /* Project object */;
}
